# THIS IS AN AUTOGENERATED FILE. DO NOT EDIT THIS FILE DIRECTLY.
# yarn lockfile v1


react-colorful@^5.6.1:
  version "5.6.1"
  resolved "https://registry.yarnpkg.com/react-colorful/-/react-colorful-5.6.1.tgz#7dc2aed2d7c72fac89694e834d179e32f3da563b"
  integrity sha512-1exovf0uGTGyq5mXQT0zgQ80uvj2PCwvF8zY1RN9/vbJVSjSo3fsB/4L3ObbF7u70NduSiK4xu4Y6q1MHoUGEw==
